
Microsoft Visual Studio Solution File, Format Version 12.00
# Visual Studio Version 16
VisualStudioVersion = 16.0.28917.181
MinimumVisualStudioVersion = 10.0.40219.1
Project("{FAE04EC0-301F-11D3-BF4B-00C04F79EFBC}") = "ByteBank.Portal", "ByteBank.Portal\ByteBank.Portal.csproj", "{A2D7386A-1B16-413C-87F7-F1FC027E464E}"
EndProject
Global
	GlobalSection(SolutionConfigurationPlatforms) = preSolution
		Debug|Any CPU = Debug|Any CPU
		Release|Any CPU = Release|Any CPU
	EndGlobalSection
	GlobalSection(ProjectConfigurationPlatforms) = postSolution
		{A2D7386A-1B16-413C-87F7-F1FC027E464E}.Debug|Any CPU.ActiveCfg = Debug|Any CPU
		{A2D7386A-1B16-413C-87F7-F1FC027E464E}.Debug|Any CPU.Build.0 = Debug|Any CPU
		{A2D7386A-1B16-413C-87F7-F1FC027E464E}.Release|Any CPU.ActiveCfg = Release|Any CPU
		{A2D7386A-1B16-413C-87F7-F1FC027E464E}.Release|Any CPU.Build.0 = Release|Any CPU
	EndGlobalSection
	GlobalSection(SolutionProperties) = preSolution
		HideSolutionNode = FALSE
	EndGlobalSection
	GlobalSection(ExtensibilityGlobals) = postSolution
		SolutionGuid = {8DC8490C-2791-4D67-85A6-2D19EE1FFE42}
	EndGlobalSection
EndGlobal
